
Microsoft Visual Studio Solution File, Format Version 12.00
# Visual Studio Version 16
VisualStudioVersion = 16.0.31624.102
MinimumVisualStudioVersion = 10.0.40219.1
Project("{FAE04EC0-301F-11D3-BF4B-00C04F79EFBC}") = "variaveisAula01", "variaveisAula01\variaveisAula01.csproj", "{A0FAECAD-A2BE-43B8-B40E-71F19753DE7D}"
EndProject
Global
	GlobalSection(SolutionConfigurationPlatforms) = preSolution
		Debug|Any CPU = Debug|Any CPU
		Release|Any CPU = Release|Any CPU
	EndGlobalSection
	GlobalSection(ProjectConfigurationPlatforms) = postSolution
		{A0FAECAD-A2BE-43B8-B40E-71F19753DE7D}.Debug|Any CPU.ActiveCfg = Debug|Any CPU
		{A0FAECAD-A2BE-43B8-B40E-71F19753DE7D}.Debug|Any CPU.Build.0 = Debug|Any CPU
		{A0FAECAD-A2BE-43B8-B40E-71F19753DE7D}.Release|Any CPU.ActiveCfg = Release|Any CPU
		{A0FAECAD-A2BE-43B8-B40E-71F19753DE7D}.Release|Any CPU.Build.0 = Release|Any CPU
	EndGlobalSection
	GlobalSection(SolutionProperties) = preSolution
		HideSolutionNode = FALSE
	EndGlobalSection
	GlobalSection(ExtensibilityGlobals) = postSolution
		SolutionGuid = {D7E5D690-F7FD-4387-863F-A043B023B6BF}
	EndGlobalSection
EndGlobal
